// !$*UTF8*$!
{
	archiveVersion = 1;
	classes = {
	};
	objectVersion = 48;
	objects = {

/* Begin PBXBuildFile section */
		0AE0B35C4A5C6642A9AA0145 /* Pods_BudgetTests.framework in Frameworks */ = {isa = PBXBuildFile; fileRef = D3D1CA6FEE0E1D0118A5483C /* Pods_BudgetTests.framework */; };
		3497717F2048FD21005BBF76 /* AppDelegate.swift in Sources */ = {isa = PBXBuildFile; fileRef = 3497717E2048FD21005BBF76 /* AppDelegate.swift */; };
		349771812048FD21005BBF76 /* titleViewController.swift in Sources */ = {isa = PBXBuildFile; fileRef = 349771802048FD21005BBF76 /* titleViewController.swift */; };
		349771842048FD21005BBF76 /* Main.storyboard in Resources */ = {isa = PBXBuildFile; fileRef = 349771822048FD21005BBF76 /* Main.storyboard */; };
		349771862048FD21005BBF76 /* Assets.xcassets in Resources */ = {isa = PBXBuildFile; fileRef = 349771852048FD21005BBF76 /* Assets.xcassets */; };
		349771892048FD21005BBF76 /* LaunchScreen.storyboard in Resources */ = {isa = PBXBuildFile; fileRef = 349771872048FD21005BBF76 /* LaunchScreen.storyboard */; };
		349771942048FD21005BBF76 /* BudgetTests.swift in Sources */ = {isa = PBXBuildFile; fileRef = 349771932048FD21005BBF76 /* BudgetTests.swift */; };
		3497719F2048FD21005BBF76 /* BudgetUITests.swift in Sources */ = {isa = PBXBuildFile; fileRef = 3497719E2048FD21005BBF76 /* BudgetUITests.swift */; };
		349771AD204905E9005BBF76 /* buttonAnimationExtension.swift in Sources */ = {isa = PBXBuildFile; fileRef = 349771AC204905E9005BBF76 /* buttonAnimationExtension.swift */; };
		425D8A332055F14B0061D02A /* budgetTypeViewController.swift in Sources */ = {isa = PBXBuildFile; fileRef = 425D8A322055F14B0061D02A /* budgetTypeViewController.swift */; };
		425D8A352055FDAA0061D02A /* budgetStartDateViewController.swift in Sources */ = {isa = PBXBuildFile; fileRef = 425D8A342055FDAA0061D02A /* budgetStartDateViewController.swift */; };
		42B703992056033D009CA31D /* budgetCurrencyViewController.swift in Sources */ = {isa = PBXBuildFile; fileRef = 42B703982056033D009CA31D /* budgetCurrencyViewController.swift */; };
		42B7039B205605C9009CA31D /* budgetAmountViewController.swift in Sources */ = {isa = PBXBuildFile; fileRef = 42B7039A205605C9009CA31D /* budgetAmountViewController.swift */; };
		42DF940C2050BE0300D6C18E /* BudgetListViewController.swift in Sources */ = {isa = PBXBuildFile; fileRef = 42DF940B2050BE0300D6C18E /* BudgetListViewController.swift */; };
		42DF940E2050C02600D6C18E /* Budget.swift in Sources */ = {isa = PBXBuildFile; fileRef = 42DF940D2050C02600D6C18E /* Budget.swift */; };
		42DF94102050C0A000D6C18E /* Expense.swift in Sources */ = {isa = PBXBuildFile; fileRef = 42DF940F2050C0A000D6C18E /* Expense.swift */; };
		42DFEF5320562F4800AB52DD /* addBudgetAmountViewController.swift in Sources */ = {isa = PBXBuildFile; fileRef = 42DFEF5220562F4800AB52DD /* addBudgetAmountViewController.swift */; };
		42DFEF552056425900AB52DD /* moneyLeftViewController.swift in Sources */ = {isa = PBXBuildFile; fileRef = 42DFEF542056425900AB52DD /* moneyLeftViewController.swift */; };
		42DFEF572056426400AB52DD /* addMoneyLeftViewController.swift in Sources */ = {isa = PBXBuildFile; fileRef = 42DFEF562056426400AB52DD /* addMoneyLeftViewController.swift */; };
		42DFEF59205657BF00AB52DD /* addNewExpensesViewController.swift in Sources */ = {isa = PBXBuildFile; fileRef = 42DFEF58205657BF00AB52DD /* addNewExpensesViewController.swift */; };
		42E51DA92055DA83004987C0 /* makeBudgetViewController.swift in Sources */ = {isa = PBXBuildFile; fileRef = 42E51DA82055DA83004987C0 /* makeBudgetViewController.swift */; };
		42E756D920566608000805DD /* budgetInfoViewController.swift in Sources */ = {isa = PBXBuildFile; fileRef = 42E756D820566608000805DD /* budgetInfoViewController.swift */; };
		42E756DB20568EF6000805DD /* convertCurrencyViewController.swift in Sources */ = {isa = PBXBuildFile; fileRef = 42E756DA20568EF6000805DD /* convertCurrencyViewController.swift */; };
		42E756DD20568F0D000805DD /* convertCurrencyCustomCell.swift in Sources */ = {isa = PBXBuildFile; fileRef = 42E756DC20568F0D000805DD /* convertCurrencyCustomCell.swift */; };
		42E756DF20569B89000805DD /* spendingHistoryViewController.swift in Sources */ = {isa = PBXBuildFile; fileRef = 42E756DE20569B89000805DD /* spendingHistoryViewController.swift */; };
		42E756E12056A7C2000805DD /* graphViewController.swift in Sources */ = {isa = PBXBuildFile; fileRef = 42E756E02056A7C2000805DD /* graphViewController.swift */; };
		42E756EA20571ADB000805DD /* messageViewController.swift in Sources */ = {isa = PBXBuildFile; fileRef = 42E756E920571ADB000805DD /* messageViewController.swift */; };
		444063ED6A0F41348A514BC4 /* Pods_BudgetUITests.framework in Frameworks */ = {isa = PBXBuildFile; fileRef = 51B59A675930B362CB26C509 /* Pods_BudgetUITests.framework */; };
		C8D2EA5D060C79E3EE40F25E /* Pods_Budget.framework in Frameworks */ = {isa = PBXBuildFile; fileRef = 9E06FE316E046A3129382BAC /* Pods_Budget.framework */; };
/* End PBXBuildFile section */

/* Begin PBXContainerItemProxy section */
		349771902048FD21005BBF76 /* PBXContainerItemProxy */ = {
			isa = PBXContainerItemProxy;
			containerPortal = 349771732048FD21005BBF76 /* Project object */;
			proxyType = 1;
			remoteGlobalIDString = 3497717A2048FD21005BBF76;
			remoteInfo = Budget;
		};
		3497719B2048FD21005BBF76 /* PBXContainerItemProxy */ = {
			isa = PBXContainerItemProxy;
			containerPortal = 349771732048FD21005BBF76 /* Project object */;
			proxyType = 1;
			remoteGlobalIDString = 3497717A2048FD21005BBF76;
			remoteInfo = Budget;
		};
/* End PBXContainerItemProxy section */

/* Begin PBXFileReference section */
		14B3345C1EAD53FDB4D346AD /* Pods-Budget.release.xcconfig */ = {isa = PBXFileReference; includeInIndex = 1; lastKnownFileType = text.xcconfig; name = "Pods-Budget.release.xcconfig"; path = "Pods/Target Support Files/Pods-Budget/Pods-Budget.release.xcconfig"; sourceTree = "<group>"; };
		16A931E5B56E27371FBAAD7E /* Pods-BudgetTests.release.xcconfig */ = {isa = PBXFileReference; includeInIndex = 1; lastKnownFileType = text.xcconfig; name = "Pods-BudgetTests.release.xcconfig"; path = "Pods/Target Support Files/Pods-BudgetTests/Pods-BudgetTests.release.xcconfig"; sourceTree = "<group>"; };
		3497717B2048FD21005BBF76 /* Budget.app */ = {isa = PBXFileReference; explicitFileType = wrapper.application; includeInIndex = 0; path = Budget.app; sourceTree = BUILT_PRODUCTS_DIR; };
		3497717E2048FD21005BBF76 /* AppDelegate.swift */ = {isa = PBXFileReference; lastKnownFileType = sourcecode.swift; path = AppDelegate.swift; sourceTree = "<group>"; };
		349771802048FD21005BBF76 /* titleViewController.swift */ = {isa = PBXFileReference; lastKnownFileType = sourcecode.swift; path = titleViewController.swift; sourceTree = "<group>"; };
		349771832048FD21005BBF76 /* Base */ = {isa = PBXFileReference; lastKnownFileType = file.storyboard; name = Base; path = Base.lproj/Main.storyboard; sourceTree = "<group>"; };
		349771852048FD21005BBF76 /* Assets.xcassets */ = {isa = PBXFileReference; lastKnownFileType = folder.assetcatalog; path = Assets.xcassets; sourceTree = "<group>"; };
		349771882048FD21005BBF76 /* Base */ = {isa = PBXFileReference; lastKnownFileType = file.storyboard; name = Base; path = Base.lproj/LaunchScreen.storyboard; sourceTree = "<group>"; };
		3497718A2048FD21005BBF76 /* Info.plist */ = {isa = PBXFileReference; lastKnownFileType = text.plist.xml; path = Info.plist; sourceTree = "<group>"; };
		3497718F2048FD21005BBF76 /* BudgetTests.xctest */ = {isa = PBXFileReference; explicitFileType = wrapper.cfbundle; includeInIndex = 0; path = BudgetTests.xctest; sourceTree = BUILT_PRODUCTS_DIR; };
		349771932048FD21005BBF76 /* BudgetTests.swift */ = {isa = PBXFileReference; lastKnownFileType = sourcecode.swift; path = BudgetTests.swift; sourceTree = "<group>"; };
		349771952048FD21005BBF76 /* Info.plist */ = {isa = PBXFileReference; lastKnownFileType = text.plist.xml; path = Info.plist; sourceTree = "<group>"; };
		3497719A2048FD21005BBF76 /* BudgetUITests.xctest */ = {isa = PBXFileReference; explicitFileType = wrapper.cfbundle; includeInIndex = 0; path = BudgetUITests.xctest; sourceTree = BUILT_PRODUCTS_DIR; };
		3497719E2048FD21005BBF76 /* BudgetUITests.swift */ = {isa = PBXFileReference; lastKnownFileType = sourcecode.swift; path = BudgetUITests.swift; sourceTree = "<group>"; };
		349771A02048FD21005BBF76 /* Info.plist */ = {isa = PBXFileReference; lastKnownFileType = text.plist.xml; path = Info.plist; sourceTree = "<group>"; };
		349771AC204905E9005BBF76 /* buttonAnimationExtension.swift */ = {isa = PBXFileReference; lastKnownFileType = sourcecode.swift; path = buttonAnimationExtension.swift; sourceTree = "<group>"; };
		425D8A322055F14B0061D02A /* budgetTypeViewController.swift */ = {isa = PBXFileReference; lastKnownFileType = sourcecode.swift; path = budgetTypeViewController.swift; sourceTree = "<group>"; };
		425D8A342055FDAA0061D02A /* budgetStartDateViewController.swift */ = {isa = PBXFileReference; lastKnownFileType = sourcecode.swift; path = budgetStartDateViewController.swift; sourceTree = "<group>"; };
		42B703982056033D009CA31D /* budgetCurrencyViewController.swift */ = {isa = PBXFileReference; lastKnownFileType = sourcecode.swift; path = budgetCurrencyViewController.swift; sourceTree = "<group>"; };
		42B7039A205605C9009CA31D /* budgetAmountViewController.swift */ = {isa = PBXFileReference; lastKnownFileType = sourcecode.swift; path = budgetAmountViewController.swift; sourceTree = "<group>"; };
		42DF940B2050BE0300D6C18E /* BudgetListViewController.swift */ = {isa = PBXFileReference; lastKnownFileType = sourcecode.swift; path = BudgetListViewController.swift; sourceTree = "<group>"; };
		42DF940D2050C02600D6C18E /* Budget.swift */ = {isa = PBXFileReference; lastKnownFileType = sourcecode.swift; path = Budget.swift; sourceTree = "<group>"; };
		42DF940F2050C0A000D6C18E /* Expense.swift */ = {isa = PBXFileReference; lastKnownFileType = sourcecode.swift; path = Expense.swift; sourceTree = "<group>"; };
		42DFEF5220562F4800AB52DD /* addBudgetAmountViewController.swift */ = {isa = PBXFileReference; lastKnownFileType = sourcecode.swift; path = addBudgetAmountViewController.swift; sourceTree = "<group>"; };
		42DFEF542056425900AB52DD /* moneyLeftViewController.swift */ = {isa = PBXFileReference; lastKnownFileType = sourcecode.swift; path = moneyLeftViewController.swift; sourceTree = "<group>"; };
		42DFEF562056426400AB52DD /* addMoneyLeftViewController.swift */ = {isa = PBXFileReference; lastKnownFileType = sourcecode.swift; path = addMoneyLeftViewController.swift; sourceTree = "<group>"; };
		42DFEF58205657BF00AB52DD /* addNewExpensesViewController.swift */ = {isa = PBXFileReference; lastKnownFileType = sourcecode.swift; path = addNewExpensesViewController.swift; sourceTree = "<group>"; };
		42E51DA82055DA83004987C0 /* makeBudgetViewController.swift */ = {isa = PBXFileReference; lastKnownFileType = sourcecode.swift; path = makeBudgetViewController.swift; sourceTree = "<group>"; };
		42E756D820566608000805DD /* budgetInfoViewController.swift */ = {isa = PBXFileReference; lastKnownFileType = sourcecode.swift; path = budgetInfoViewController.swift; sourceTree = "<group>"; };
		42E756DA20568EF6000805DD /* convertCurrencyViewController.swift */ = {isa = PBXFileReference; lastKnownFileType = sourcecode.swift; path = convertCurrencyViewController.swift; sourceTree = "<group>"; };
		42E756DC20568F0D000805DD /* convertCurrencyCustomCell.swift */ = {isa = PBXFileReference; lastKnownFileType = sourcecode.swift; path = convertCurrencyCustomCell.swift; sourceTree = "<group>"; };
		42E756DE20569B89000805DD /* spendingHistoryViewController.swift */ = {isa = PBXFileReference; lastKnownFileType = sourcecode.swift; path = spendingHistoryViewController.swift; sourceTree = "<group>"; };
		42E756E02056A7C2000805DD /* graphViewController.swift */ = {isa = PBXFileReference; lastKnownFileType = sourcecode.swift; path = graphViewController.swift; sourceTree = "<group>"; };
		42E756E32056F61C000805DD /* Charts.framework */ = {isa = PBXFileReference; explicitFileType = wrapper.framework; path = Charts.framework; sourceTree = BUILT_PRODUCTS_DIR; };
		42E756E920571ADB000805DD /* messageViewController.swift */ = {isa = PBXFileReference; lastKnownFileType = sourcecode.swift; path = messageViewController.swift; sourceTree = "<group>"; };
		4ED74BE30506C9F42452FE9F /* Pods-BudgetUITests.debug.xcconfig */ = {isa = PBXFileReference; includeInIndex = 1; lastKnownFileType = text.xcconfig; name = "Pods-BudgetUITests.debug.xcconfig"; path = "Pods/Target Support Files/Pods-BudgetUITests/Pods-BudgetUITests.debug.xcconfig"; sourceTree = "<group>"; };
		51B59A675930B362CB26C509 /* Pods_BudgetUITests.framework */ = {isa = PBXFileReference; explicitFileType = wrapper.framework; includeInIndex = 0; path = Pods_BudgetUITests.framework; sourceTree = BUILT_PRODUCTS_DIR; };
		713C7AA7654D74A916E98827 /* Pods-BudgetTests.debug.xcconfig */ = {isa = PBXFileReference; includeInIndex = 1; lastKnownFileType = text.xcconfig; name = "Pods-BudgetTests.debug.xcconfig"; path = "Pods/Target Support Files/Pods-BudgetTests/Pods-BudgetTests.debug.xcconfig"; sourceTree = "<group>"; };
		9672F863CA7BA5ADEA29D015 /* Pods-Budget.debug.xcconfig */ = {isa = PBXFileReference; includeInIndex = 1; lastKnownFileType = text.xcconfig; name = "Pods-Budget.debug.xcconfig"; path = "Pods/Target Support Files/Pods-Budget/Pods-Budget.debug.xcconfig"; sourceTree = "<group>"; };
		9E06FE316E046A3129382BAC /* Pods_Budget.framework */ = {isa = PBXFileReference; explicitFileType = wrapper.framework; includeInIndex = 0; path = Pods_Budget.framework; sourceTree = BUILT_PRODUCTS_DIR; };
		C7C60E2B00850A12A2CFBB27 /* Pods-BudgetUITests.release.xcconfig */ = {isa = PBXFileReference; includeInIndex = 1; lastKnownFileType = text.xcconfig; name = "Pods-BudgetUITests.release.xcconfig"; path = "Pods/Target Support Files/Pods-BudgetUITests/Pods-BudgetUITests.release.xcconfig"; sourceTree = "<group>"; };
		D3D1CA6FEE0E1D0118A5483C /* Pods_BudgetTests.framework */ = {isa = PBXFileReference; explicitFileType = wrapper.framework; includeInIndex = 0; path = Pods_BudgetTests.framework; sourceTree = BUILT_PRODUCTS_DIR; };
/* End PBXFileReference section */

/* Begin PBXFrameworksBuildPhase section */
		349771782048FD21005BBF76 /* Frameworks */ = {
			isa = PBXFrameworksBuildPhase;
			buildActionMask = 2147483647;
			files = (
				C8D2EA5D060C79E3EE40F25E /* Pods_Budget.framework in Frameworks */,
			);
			runOnlyForDeploymentPostprocessing = 0;
		};
		3497718C2048FD21005BBF76 /* Frameworks */ = {
			isa = PBXFrameworksBuildPhase;
			buildActionMask = 2147483647;
			files = (
				0AE0B35C4A5C6642A9AA0145 /* Pods_BudgetTests.framework in Frameworks */,
			);
			runOnlyForDeploymentPostprocessing = 0;
		};
		349771972048FD21005BBF76 /* Frameworks */ = {
			isa = PBXFrameworksBuildPhase;
			buildActionMask = 2147483647;
			files = (
				444063ED6A0F41348A514BC4 /* Pods_BudgetUITests.framework in Frameworks */,
			);
			runOnlyForDeploymentPostprocessing = 0;
		};
/* End PBXFrameworksBuildPhase section */

/* Begin PBXGroup section */
		014B2E50457A653843878C7B /* Pods */ = {
			isa = PBXGroup;
			children = (
				9672F863CA7BA5ADEA29D015 /* Pods-Budget.debug.xcconfig */,
				14B3345C1EAD53FDB4D346AD /* Pods-Budget.release.xcconfig */,
				713C7AA7654D74A916E98827 /* Pods-BudgetTests.debug.xcconfig */,
				16A931E5B56E27371FBAAD7E /* Pods-BudgetTests.release.xcconfig */,
				4ED74BE30506C9F42452FE9F /* Pods-BudgetUITests.debug.xcconfig */,
				C7C60E2B00850A12A2CFBB27 /* Pods-BudgetUITests.release.xcconfig */,
			);
			name = Pods;
			sourceTree = "<group>";
		};
		349771722048FD21005BBF76 = {
			isa = PBXGroup;
			children = (
				42E756E32056F61C000805DD /* Charts.framework */,
				3497717D2048FD21005BBF76 /* Budget */,
				349771922048FD21005BBF76 /* BudgetTests */,
				3497719D2048FD21005BBF76 /* BudgetUITests */,
				3497717C2048FD21005BBF76 /* Products */,
				014B2E50457A653843878C7B /* Pods */,
				E12D4AD97EA73BA71AA8E18A /* Frameworks */,
			);
			sourceTree = "<group>";
		};
		3497717C2048FD21005BBF76 /* Products */ = {
			isa = PBXGroup;
			children = (
				3497717B2048FD21005BBF76 /* Budget.app */,
				3497718F2048FD21005BBF76 /* BudgetTests.xctest */,
				3497719A2048FD21005BBF76 /* BudgetUITests.xctest */,
			);
			name = Products;
			sourceTree = "<group>";
		};
		3497717D2048FD21005BBF76 /* Budget */ = {
			isa = PBXGroup;
			children = (
				42E756DE20569B89000805DD /* spendingHistoryViewController.swift */,
				3497717E2048FD21005BBF76 /* AppDelegate.swift */,
				349771802048FD21005BBF76 /* titleViewController.swift */,
				349771822048FD21005BBF76 /* Main.storyboard */,
				42E756E02056A7C2000805DD /* graphViewController.swift */,
				42E756D820566608000805DD /* budgetInfoViewController.swift */,
				42DFEF58205657BF00AB52DD /* addNewExpensesViewController.swift */,
				42DFEF542056425900AB52DD /* moneyLeftViewController.swift */,
				42DFEF562056426400AB52DD /* addMoneyLeftViewController.swift */,
				42DFEF5220562F4800AB52DD /* addBudgetAmountViewController.swift */,
				42B7039A205605C9009CA31D /* budgetAmountViewController.swift */,
				425D8A342055FDAA0061D02A /* budgetStartDateViewController.swift */,
				42B703982056033D009CA31D /* budgetCurrencyViewController.swift */,
				42E51DA82055DA83004987C0 /* makeBudgetViewController.swift */,
				425D8A322055F14B0061D02A /* budgetTypeViewController.swift */,
				42DF940D2050C02600D6C18E /* Budget.swift */,
				42DF940F2050C0A000D6C18E /* Expense.swift */,
				349771AC204905E9005BBF76 /* buttonAnimationExtension.swift */,
				42DF940B2050BE0300D6C18E /* BudgetListViewController.swift */,
				42E756DA20568EF6000805DD /* convertCurrencyViewController.swift */,
				42E756DC20568F0D000805DD /* convertCurrencyCustomCell.swift */,
				42E756E920571ADB000805DD /* messageViewController.swift */,
				349771852048FD21005BBF76 /* Assets.xcassets */,
				349771872048FD21005BBF76 /* LaunchScreen.storyboard */,
				3497718A2048FD21005BBF76 /* Info.plist */,
			);
			path = Budget;
			sourceTree = "<group>";
		};
		349771922048FD21005BBF76 /* BudgetTests */ = {
			isa = PBXGroup;
			children = (
				349771932048FD21005BBF76 /* BudgetTests.swift */,
				349771952048FD21005BBF76 /* Info.plist */,
			);
			path = BudgetTests;
			sourceTree = "<group>";
		};
		3497719D2048FD21005BBF76 /* BudgetUITests */ = {
			isa = PBXGroup;
			children = (
				3497719E2048FD21005BBF76 /* BudgetUITests.swift */,
				349771A02048FD21005BBF76 /* Info.plist */,
			);
			path = BudgetUITests;
			sourceTree = "<group>";
		};
		E12D4AD97EA73BA71AA8E18A /* Frameworks */ = {
			isa = PBXGroup;
			children = (
				9E06FE316E046A3129382BAC /* Pods_Budget.framework */,
				D3D1CA6FEE0E1D0118A5483C /* Pods_BudgetTests.framework */,
				51B59A675930B362CB26C509 /* Pods_BudgetUITests.framework */,
			);
			name = Frameworks;
			sourceTree = "<group>";
		};
/* End PBXGroup section */

/* Begin PBXNativeTarget section */
		3497717A2048FD21005BBF76 /* Budget */ = {
			isa = PBXNativeTarget;
			buildConfigurationList = 349771A32048FD21005BBF76 /* Build configuration list for PBXNativeTarget "Budget" */;
			buildPhases = (
				C5645E8DAB19D850707AA23D /* [CP] Check Pods Manifest.lock */,
				349771772048FD21005BBF76 /* Sources */,
				349771782048FD21005BBF76 /* Frameworks */,
				349771792048FD21005BBF76 /* Resources */,
				1B1566DDF7E4DB7EAB2DA552 /* [CP] Embed Pods Frameworks */,
				91685661721D222B3BFEC540 /* [CP] Copy Pods Resources */,
			);
			buildRules = (
			);
			dependencies = (
			);
			name = Budget;
			productName = Budget;
			productReference = 3497717B2048FD21005BBF76 /* Budget.app */;
			productType = "com.apple.product-type.application";
		};
		3497718E2048FD21005BBF76 /* BudgetTests */ = {
			isa = PBXNativeTarget;
			buildConfigurationList = 349771A62048FD21005BBF76 /* Build configuration list for PBXNativeTarget "BudgetTests" */;
			buildPhases = (
				CD8043EDAB61FDE47C76F77A /* [CP] Check Pods Manifest.lock */,
				3497718B2048FD21005BBF76 /* Sources */,
				3497718C2048FD21005BBF76 /* Frameworks */,
				3497718D2048FD21005BBF76 /* Resources */,
				7B7C4295165503CD44AB4283 /* [CP] Embed Pods Frameworks */,
				431F5A20BB1359B093D53127 /* [CP] Copy Pods Resources */,
			);
			buildRules = (
			);
			dependencies = (
				349771912048FD21005BBF76 /* PBXTargetDependency */,
			);
			name = BudgetTests;
			productName = BudgetTests;
			productReference = 3497718F2048FD21005BBF76 /* BudgetTests.xctest */;
			productType = "com.apple.product-type.bundle.unit-test";
		};
		349771992048FD21005BBF76 /* BudgetUITests */ = {
			isa = PBXNativeTarget;
			buildConfigurationList = 349771A92048FD21005BBF76 /* Build configuration list for PBXNativeTarget "BudgetUITests" */;
			buildPhases = (
				A53D3977DBA90BC98A3EFAD3 /* [CP] Check Pods Manifest.lock */,
				349771962048FD21005BBF76 /* Sources */,
				349771972048FD21005BBF76 /* Frameworks */,
				349771982048FD21005BBF76 /* Resources */,
				16F6E41FF439B12D92794869 /* [CP] Embed Pods Frameworks */,
				F2F7B75BFD3538B0FFC4C6B4 /* [CP] Copy Pods Resources */,
			);
			buildRules = (
			);
			dependencies = (
				3497719C2048FD21005BBF76 /* PBXTargetDependency */,
			);
			name = BudgetUITests;
			productName = BudgetUITests;
			productReference = 3497719A2048FD21005BBF76 /* BudgetUITests.xctest */;
			productType = "com.apple.product-type.bundle.ui-testing";
		};
/* End PBXNativeTarget section */

/* Begin PBXProject section */
		349771732048FD21005BBF76 /* Project object */ = {
			isa = PBXProject;
			attributes = {
				LastSwiftUpdateCheck = 0920;
				LastUpgradeCheck = 0920;
				ORGANIZATIONNAME = edu.uw.bennyn;
				TargetAttributes = {
					3497717A2048FD21005BBF76 = {
						CreatedOnToolsVersion = 9.2;
						ProvisioningStyle = Automatic;
					};
					3497718E2048FD21005BBF76 = {
						CreatedOnToolsVersion = 9.2;
						ProvisioningStyle = Automatic;
						TestTargetID = 3497717A2048FD21005BBF76;
					};
					349771992048FD21005BBF76 = {
						CreatedOnToolsVersion = 9.2;
						ProvisioningStyle = Automatic;
						TestTargetID = 3497717A2048FD21005BBF76;
					};
				};
			};
			buildConfigurationList = 349771762048FD21005BBF76 /* Build configuration list for PBXProject "Budget" */;
			compatibilityVersion = "Xcode 8.0";
			developmentRegion = en;
			hasScannedForEncodings = 0;
			knownRegions = (
				en,
				Base,
			);
			mainGroup = 349771722048FD21005BBF76;
			productRefGroup = 3497717C2048FD21005BBF76 /* Products */;
			projectDirPath = "";
			projectRoot = "";
			targets = (
				3497717A2048FD21005BBF76 /* Budget */,
				3497718E2048FD21005BBF76 /* BudgetTests */,
				349771992048FD21005BBF76 /* BudgetUITests */,
			);
		};
/* End PBXProject section */

/* Begin PBXResourcesBuildPhase section */
		349771792048FD21005BBF76 /* Resources */ = {
			isa = PBXResourcesBuildPhase;
			buildActionMask = 2147483647;
			files = (
				349771892048FD21005BBF76 /* LaunchScreen.storyboard in Resources */,
				349771862048FD21005BBF76 /* Assets.xcassets in Resources */,
				349771842048FD21005BBF76 /* Main.storyboard in Resources */,
			);
			runOnlyForDeploymentPostprocessing = 0;
		};
		3497718D2048FD21005BBF76 /* Resources */ = {
			isa = PBXResourcesBuildPhase;
			buildActionMask = 2147483647;
			files = (
			);
			runOnlyForDeploymentPostprocessing = 0;
		};
		349771982048FD21005BBF76 /* Resources */ = {
			isa = PBXResourcesBuildPhase;
			buildActionMask = 2147483647;
			files = (
			);
			runOnlyForDeploymentPostprocessing = 0;
		};
/* End PBXResourcesBuildPhase section */

/* Begin PBXShellScriptBuildPhase section */
		16F6E41FF439B12D92794869 /* [CP] Embed Pods Frameworks */ = {
			isa = PBXShellScriptBuildPhase;
			buildActionMask = 2147483647;
			files = (
			);
			inputPaths = (
			);
			name = "[CP] Embed Pods Frameworks";
			outputPaths = (
			);
			runOnlyForDeploymentPostprocessing = 0;
			shellPath = /bin/sh;
			shellScript = "\"${SRCROOT}/Pods/Target Support Files/Pods-BudgetUITests/Pods-BudgetUITests-frameworks.sh\"\n";
			showEnvVarsInLog = 0;
		};
		1B1566DDF7E4DB7EAB2DA552 /* [CP] Embed Pods Frameworks */ = {
			isa = PBXShellScriptBuildPhase;
			buildActionMask = 2147483647;
			files = (
			);
			inputPaths = (
				"${SRCROOT}/Pods/Target Support Files/Pods-Budget/Pods-Budget-frameworks.sh",
				"${BUILT_PRODUCTS_DIR}/Charts/Charts.framework",
				"${BUILT_PRODUCTS_DIR}/CircleMenu/CircleMenu.framework",
				"${BUILT_PRODUCTS_DIR}/DropDown/DropDown.framework",
			);
			name = "[CP] Embed Pods Frameworks";
			outputPaths = (
				"${TARGET_BUILD_DIR}/${FRAMEWORKS_FOLDER_PATH}/Charts.framework",
				"${TARGET_BUILD_DIR}/${FRAMEWORKS_FOLDER_PATH}/CircleMenu.framework",
				"${TARGET_BUILD_DIR}/${FRAMEWORKS_FOLDER_PATH}/DropDown.framework",
			);
			runOnlyForDeploymentPostprocessing = 0;
			shellPath = /bin/sh;
			shellScript = "\"${SRCROOT}/Pods/Target Support Files/Pods-Budget/Pods-Budget-frameworks.sh\"\n";
			showEnvVarsInLog = 0;
		};
		431F5A20BB1359B093D53127 /* [CP] Copy Pods Resources */ = {
			isa = PBXShellScriptBuildPhase;
			buildActionMask = 2147483647;
			files = (
			);
			inputPaths = (
			);
			name = "[CP] Copy Pods Resources";
			outputPaths = (
			);
			runOnlyForDeploymentPostprocessing = 0;
			shellPath = /bin/sh;
			shellScript = "\"${SRCROOT}/Pods/Target Support Files/Pods-BudgetTests/Pods-BudgetTests-resources.sh\"\n";
			showEnvVarsInLog = 0;
		};
		7B7C4295165503CD44AB4283 /* [CP] Embed Pods Frameworks */ = {
			isa = PBXShellScriptBuildPhase;
			buildActionMask = 2147483647;
			files = (
			);
			inputPaths = (
			);
			name = "[CP] Embed Pods Frameworks";
			outputPaths = (
			);
			runOnlyForDeploymentPostprocessing = 0;
			shellPath = /bin/sh;
			shellScript = "\"${SRCROOT}/Pods/Target Support Files/Pods-BudgetTests/Pods-BudgetTests-frameworks.sh\"\n";
			showEnvVarsInLog = 0;
		};
		91685661721D222B3BFEC540 /* [CP] Copy Pods Resources */ = {
			isa = PBXShellScriptBuildPhase;
			buildActionMask = 2147483647;
			files = (
			);
			inputPaths = (
			);
			name = "[CP] Copy Pods Resources";
			outputPaths = (
			);
			runOnlyForDeploymentPostprocessing = 0;
			shellPath = /bin/sh;
			shellScript = "\"${SRCROOT}/Pods/Target Support Files/Pods-Budget/Pods-Budget-resources.sh\"\n";
			showEnvVarsInLog = 0;
		};
		A53D3977DBA90BC98A3EFAD3 /* [CP] Check Pods Manifest.lock */ = {
			isa = PBXShellScriptBuildPhase;
			buildActionMask = 2147483647;
			files = (
			);
			inputPaths = (
				"${PODS_PODFILE_DIR_PATH}/Podfile.lock",
				"${PODS_ROOT}/Manifest.lock",
			);
			name = "[CP] Check Pods Manifest.lock";
			outputPaths = (
				"$(DERIVED_FILE_DIR)/Pods-BudgetUITests-checkManifestLockResult.txt",
			);
			runOnlyForDeploymentPostprocessing = 0;
			shellPath = /bin/sh;
			shellScript = "diff \"${PODS_PODFILE_DIR_PATH}/Podfile.lock\" \"${PODS_ROOT}/Manifest.lock\" > /dev/null\nif [ $? != 0 ] ; then\n    # print error to STDERR\n    echo \"error: The sandbox is not in sync with the Podfile.lock. Run 'pod install' or update your CocoaPods installation.\" >&2\n    exit 1\nfi\n# This output is used by Xcode 'outputs' to avoid re-running this script phase.\necho \"SUCCESS\" > \"${SCRIPT_OUTPUT_FILE_0}\"\n";
			showEnvVarsInLog = 0;
		};
		C5645E8DAB19D850707AA23D /* [CP] Check Pods Manifest.lock */ = {
			isa = PBXShellScriptBuildPhase;
			buildActionMask = 2147483647;
			files = (
			);
			inputPaths = (
				"${PODS_PODFILE_DIR_PATH}/Podfile.lock",
				"${PODS_ROOT}/Manifest.lock",
			);
			name = "[CP] Check Pods Manifest.lock";
			outputPaths = (
				"$(DERIVED_FILE_DIR)/Pods-Budget-checkManifestLockResult.txt",
			);
			runOnlyForDeploymentPostprocessing = 0;
			shellPath = /bin/sh;
			shellScript = "diff \"${PODS_PODFILE_DIR_PATH}/Podfile.lock\" \"${PODS_ROOT}/Manifest.lock\" > /dev/null\nif [ $? != 0 ] ; then\n    # print error to STDERR\n    echo \"error: The sandbox is not in sync with the Podfile.lock. Run 'pod install' or update your CocoaPods installation.\" >&2\n    exit 1\nfi\n# This output is used by Xcode 'outputs' to avoid re-running this script phase.\necho \"SUCCESS\" > \"${SCRIPT_OUTPUT_FILE_0}\"\n";
			showEnvVarsInLog = 0;
		};
		CD8043EDAB61FDE47C76F77A /* [CP] Check Pods Manifest.lock */ = {
			isa = PBXShellScriptBuildPhase;
			buildActionMask = 2147483647;
			files = (
			);
			inputPaths = (
				"${PODS_PODFILE_DIR_PATH}/Podfile.lock",
				"${PODS_ROOT}/Manifest.lock",
			);
			name = "[CP] Check Pods Manifest.lock";
			outputPaths = (
				"$(DERIVED_FILE_DIR)/Pods-BudgetTests-checkManifestLockResult.txt",
			);
			runOnlyForDeploymentPostprocessing = 0;
			shellPath = /bin/sh;
			shellScript = "diff \"${PODS_PODFILE_DIR_PATH}/Podfile.lock\" \"${PODS_ROOT}/Manifest.lock\" > /dev/null\nif [ $? != 0 ] ; then\n    # print error to STDERR\n    echo \"error: The sandbox is not in sync with the Podfile.lock. Run 'pod install' or update your CocoaPods installation.\" >&2\n    exit 1\nfi\n# This output is used by Xcode 'outputs' to avoid re-running this script phase.\necho \"SUCCESS\" > \"${SCRIPT_OUTPUT_FILE_0}\"\n";
			showEnvVarsInLog = 0;
		};
		F2F7B75BFD3538B0FFC4C6B4 /* [CP] Copy Pods Resources */ = {
			isa = PBXShellScriptBuildPhase;
			buildActionMask = 2147483647;
			files = (
			);
			inputPaths = (
			);
			name = "[CP] Copy Pods Resources";
			outputPaths = (
			);
			runOnlyForDeploymentPostprocessing = 0;
			shellPath = /bin/sh;
			shellScript = "\"${SRCROOT}/Pods/Target Support Files/Pods-BudgetUITests/Pods-BudgetUITests-resources.sh\"\n";
			showEnvVarsInLog = 0;
		};
/* End PBXShellScriptBuildPhase section */

/* Begin PBXSourcesBuildPhase section */
		349771772048FD21005BBF76 /* Sources */ = {
			isa = PBXSourcesBuildPhase;
			buildActionMask = 2147483647;
			files = (
				42DFEF552056425900AB52DD /* moneyLeftViewController.swift in Sources */,
				42E756DB20568EF6000805DD /* convertCurrencyViewController.swift in Sources */,
				42B703992056033D009CA31D /* budgetCurrencyViewController.swift in Sources */,
				42DFEF5320562F4800AB52DD /* addBudgetAmountViewController.swift in Sources */,
				42DF94102050C0A000D6C18E /* Expense.swift in Sources */,
				42E756DD20568F0D000805DD /* convertCurrencyCustomCell.swift in Sources */,
				349771812048FD21005BBF76 /* titleViewController.swift in Sources */,
				42E51DA92055DA83004987C0 /* makeBudgetViewController.swift in Sources */,
				349771AD204905E9005BBF76 /* buttonAnimationExtension.swift in Sources */,
				42DF940E2050C02600D6C18E /* Budget.swift in Sources */,
				425D8A352055FDAA0061D02A /* budgetStartDateViewController.swift in Sources */,
				42B7039B205605C9009CA31D /* budgetAmountViewController.swift in Sources */,
				42DFEF59205657BF00AB52DD /* addNewExpensesViewController.swift in Sources */,
				42E756EA20571ADB000805DD /* messageViewController.swift in Sources */,
				425D8A332055F14B0061D02A /* budgetTypeViewController.swift in Sources */,
				3497717F2048FD21005BBF76 /* AppDelegate.swift in Sources */,
				42DFEF572056426400AB52DD /* addMoneyLeftViewController.swift in Sources */,
				42DF940C2050BE0300D6C18E /* BudgetListViewController.swift in Sources */,
				42E756E12056A7C2000805DD /* graphViewController.swift in Sources */,
				42E756DF20569B89000805DD /* spendingHistoryViewController.swift in Sources */,
				42E756D920566608000805DD /* budgetInfoViewController.swift in Sources */,
			);
			runOnlyForDeploymentPostprocessing = 0;
		};
		3497718B2048FD21005BBF76 /* Sources */ = {
			isa = PBXSourcesBuildPhase;
			buildActionMask = 2147483647;
			files = (
				349771942048FD21005BBF76 /* BudgetTests.swift in Sources */,
			);
			runOnlyForDeploymentPostprocessing = 0;
		};
		349771962048FD21005BBF76 /* Sources */ = {
			isa = PBXSourcesBuildPhase;
			buildActionMask = 2147483647;
			files = (
				3497719F2048FD21005BBF76 /* BudgetUITests.swift in Sources */,
			);
			runOnlyForDeploymentPostprocessing = 0;
		};
/* End PBXSourcesBuildPhase section */

/* Begin PBXTargetDependency section */
		349771912048FD21005BBF76 /* PBXTargetDependency */ = {
			isa = PBXTargetDependency;
			target = 3497717A2048FD21005BBF76 /* Budget */;
			targetProxy = 349771902048FD21005BBF76 /* PBXContainerItemProxy */;
		};
		3497719C2048FD21005BBF76 /* PBXTargetDependency */ = {
			isa = PBXTargetDependency;
			target = 3497717A2048FD21005BBF76 /* Budget */;
			targetProxy = 3497719B2048FD21005BBF76 /* PBXContainerItemProxy */;
		};
/* End PBXTargetDependency section */

/* Begin PBXVariantGroup section */
		349771822048FD21005BBF76 /* Main.storyboard */ = {
			isa = PBXVariantGroup;
			children = (
				349771832048FD21005BBF76 /* Base */,
			);
			name = Main.storyboard;
			sourceTree = "<group>";
		};
		349771872048FD21005BBF76 /* LaunchScreen.storyboard */ = {
			isa = PBXVariantGroup;
			children = (
				349771882048FD21005BBF76 /* Base */,
			);
			name = LaunchScreen.storyboard;
			sourceTree = "<group>";
		};
/* End PBXVariantGroup section */

/* Begin XCBuildConfiguration section */
		349771A12048FD21005BBF76 /* Debug */ = {
			isa = XCBuildConfiguration;
			buildSettings = {
				ALWAYS_SEARCH_USER_PATHS = NO;
				CLANG_ANALYZER_NONNULL = YES;
				CLANG_ANALYZER_NUMBER_OBJECT_CONVERSION = YES_AGGRESSIVE;
				CLANG_CXX_LANGUAGE_STANDARD = "gnu++14";
				CLANG_CXX_LIBRARY = "libc++";
				CLANG_ENABLE_MODULES = YES;
				CLANG_ENABLE_OBJC_ARC = YES;
				CLANG_WARN_BLOCK_CAPTURE_AUTORELEASING = YES;
				CLANG_WARN_BOOL_CONVERSION = YES;
				CLANG_WARN_COMMA = YES;
				CLANG_WARN_CONSTANT_CONVERSION = YES;
				CLANG_WARN_DIRECT_OBJC_ISA_USAGE = YES_ERROR;
				CLANG_WARN_DOCUMENTATION_COMMENTS = YES;
				CLANG_WARN_EMPTY_BODY = YES;
				CLANG_WARN_ENUM_CONVERSION = YES;
				CLANG_WARN_INFINITE_RECURSION = YES;
				CLANG_WARN_INT_CONVERSION = YES;
				CLANG_WARN_NON_LITERAL_NULL_CONVERSION = YES;
				CLANG_WARN_OBJC_LITERAL_CONVERSION = YES;
				CLANG_WARN_OBJC_ROOT_CLASS = YES_ERROR;
				CLANG_WARN_RANGE_LOOP_ANALYSIS = YES;
				CLANG_WARN_STRICT_PROTOTYPES = YES;
				CLANG_WARN_SUSPICIOUS_MOVE = YES;
				CLANG_WARN_UNGUARDED_AVAILABILITY = YES_AGGRESSIVE;
				CLANG_WARN_UNREACHABLE_CODE = YES;
				CLANG_WARN__DUPLICATE_METHOD_MATCH = YES;
				CODE_SIGN_IDENTITY = "iPhone Developer";
				COPY_PHASE_STRIP = NO;
				DEBUG_INFORMATION_FORMAT = dwarf;
				ENABLE_STRICT_OBJC_MSGSEND = YES;
				ENABLE_TESTABILITY = YES;
				GCC_C_LANGUAGE_STANDARD = gnu11;
				GCC_DYNAMIC_NO_PIC = NO;
				GCC_NO_COMMON_BLOCKS = YES;
				GCC_OPTIMIZATION_LEVEL = 0;
				GCC_PREPROCESSOR_DEFINITIONS = (
					"DEBUG=1",
					"$(inherited)",
				);
				GCC_WARN_64_TO_32_BIT_CONVERSION = YES;
				GCC_WARN_ABOUT_RETURN_TYPE = YES_ERROR;
				GCC_WARN_UNDECLARED_SELECTOR = YES;
				GCC_WARN_UNINITIALIZED_AUTOS = YES_AGGRESSIVE;
				GCC_WARN_UNUSED_FUNCTION = YES;
				GCC_WARN_UNUSED_VARIABLE = YES;
				IPHONEOS_DEPLOYMENT_TARGET = 11.2;
				MTL_ENABLE_DEBUG_INFO = YES;
				ONLY_ACTIVE_ARCH = YES;
				SDKROOT = iphoneos;
				SWIFT_ACTIVE_COMPILATION_CONDITIONS = DEBUG;
				SWIFT_OPTIMIZATION_LEVEL = "-Onone";
			};
			name = Debug;
		};
		349771A22048FD21005BBF76 /* Release */ = {
			isa = XCBuildConfiguration;
			buildSettings = {
				ALWAYS_SEARCH_USER_PATHS = NO;
				CLANG_ANALYZER_NONNULL = YES;
				CLANG_ANALYZER_NUMBER_OBJECT_CONVERSION = YES_AGGRESSIVE;
				CLANG_CXX_LANGUAGE_STANDARD = "gnu++14";
				CLANG_CXX_LIBRARY = "libc++";
				CLANG_ENABLE_MODULES = YES;
				CLANG_ENABLE_OBJC_ARC = YES;
				CLANG_WARN_BLOCK_CAPTURE_AUTORELEASING = YES;
				CLANG_WARN_BOOL_CONVERSION = YES;
				CLANG_WARN_COMMA = YES;
				CLANG_WARN_CONSTANT_CONVERSION = YES;
				CLANG_WARN_DIRECT_OBJC_ISA_USAGE = YES_ERROR;
				CLANG_WARN_DOCUMENTATION_COMMENTS = YES;
				CLANG_WARN_EMPTY_BODY = YES;
				CLANG_WARN_ENUM_CONVERSION = YES;
				CLANG_WARN_INFINITE_RECURSION = YES;
				CLANG_WARN_INT_CONVERSION = YES;
				CLANG_WARN_NON_LITERAL_NULL_CONVERSION = YES;
				CLANG_WARN_OBJC_LITERAL_CONVERSION = YES;
				CLANG_WARN_OBJC_ROOT_CLASS = YES_ERROR;
				CLANG_WARN_RANGE_LOOP_ANALYSIS = YES;
				CLANG_WARN_STRICT_PROTOTYPES = YES;
				CLANG_WARN_SUSPICIOUS_MOVE = YES;
				CLANG_WARN_UNGUARDED_AVAILABILITY = YES_AGGRESSIVE;
				CLANG_WARN_UNREACHABLE_CODE = YES;
				CLANG_WARN__DUPLICATE_METHOD_MATCH = YES;
				CODE_SIGN_IDENTITY = "iPhone Developer";
				COPY_PHASE_STRIP = NO;
				DEBUG_INFORMATION_FORMAT = "dwarf-with-dsym";
				ENABLE_NS_ASSERTIONS = NO;
				ENABLE_STRICT_OBJC_MSGSEND = YES;
				GCC_C_LANGUAGE_STANDARD = gnu11;
				GCC_NO_COMMON_BLOCKS = YES;
				GCC_WARN_64_TO_32_BIT_CONVERSION = YES;
				GCC_WARN_ABOUT_RETURN_TYPE = YES_ERROR;
				GCC_WARN_UNDECLARED_SELECTOR = YES;
				GCC_WARN_UNINITIALIZED_AUTOS = YES_AGGRESSIVE;
				GCC_WARN_UNUSED_FUNCTION = YES;
				GCC_WARN_UNUSED_VARIABLE = YES;
				IPHONEOS_DEPLOYMENT_TARGET = 11.2;
				MTL_ENABLE_DEBUG_INFO = NO;
				SDKROOT = iphoneos;
				SWIFT_OPTIMIZATION_LEVEL = "-Owholemodule";
				VALIDATE_PRODUCT = YES;
			};
			name = Release;
		};
		349771A42048FD21005BBF76 /* Debug */ = {
			isa = XCBuildConfiguration;
			baseConfigurationReference = 9672F863CA7BA5ADEA29D015 /* Pods-Budget.debug.xcconfig */;
			buildSettings = {
				ASSETCATALOG_COMPILER_APPICON_NAME = AppIcon;
				CODE_SIGN_STYLE = Automatic;
				DEVELOPMENT_TEAM = 2LP484FJCE;
				INFOPLIST_FILE = Budget/Info.plist;
				LD_RUNPATH_SEARCH_PATHS = "$(inherited) @executable_path/Frameworks";
				PRODUCT_BUNDLE_IDENTIFIER = edu.uw.lisakoss.Budget;
				PRODUCT_NAME = "$(TARGET_NAME)";
				SWIFT_VERSION = 4.0;
				TARGETED_DEVICE_FAMILY = "1,2";
			};
			name = Debug;
		};
		349771A52048FD21005BBF76 /* Release */ = {
			isa = XCBuildConfiguration;
			baseConfigurationReference = 14B3345C1EAD53FDB4D346AD /* Pods-Budget.release.xcconfig */;
			buildSettings = {
				ASSETCATALOG_COMPILER_APPICON_NAME = AppIcon;
				CODE_SIGN_STYLE = Automatic;
				DEVELOPMENT_TEAM = 2LP484FJCE;
				INFOPLIST_FILE = Budget/Info.plist;
				LD_RUNPATH_SEARCH_PATHS = "$(inherited) @executable_path/Frameworks";
				PRODUCT_BUNDLE_IDENTIFIER = edu.uw.lisakoss.Budget;
				PRODUCT_NAME = "$(TARGET_NAME)";
				SWIFT_VERSION = 4.0;
				TARGETED_DEVICE_FAMILY = "1,2";
			};
			name = Release;
		};
		349771A72048FD21005BBF76 /* Debug */ = {
			isa = XCBuildConfiguration;
			baseConfigurationReference = 713C7AA7654D74A916E98827 /* Pods-BudgetTests.debug.xcconfig */;
			buildSettings = {
				ALWAYS_EMBED_SWIFT_STANDARD_LIBRARIES = YES;
				BUNDLE_LOADER = "$(TEST_HOST)";
				CODE_SIGN_STYLE = Automatic;
				INFOPLIST_FILE = BudgetTests/Info.plist;
				LD_RUNPATH_SEARCH_PATHS = "$(inherited) @executable_path/Frameworks @loader_path/Frameworks";
				PRODUCT_BUNDLE_IDENTIFIER = edu.uw.bennyn.BudgetTests;
				PRODUCT_NAME = "$(TARGET_NAME)";
				SWIFT_VERSION = 4.0;
				TARGETED_DEVICE_FAMILY = "1,2";
				TEST_HOST = "$(BUILT_PRODUCTS_DIR)/Budget.app/Budget";
			};
			name = Debug;
		};
		349771A82048FD21005BBF76 /* Release */ = {
			isa = XCBuildConfiguration;
			baseConfigurationReference = 16A931E5B56E27371FBAAD7E /* Pods-BudgetTests.release.xcconfig */;
			buildSettings = {
				ALWAYS_EMBED_SWIFT_STANDARD_LIBRARIES = YES;
				BUNDLE_LOADER = "$(TEST_HOST)";
				CODE_SIGN_STYLE = Automatic;
				INFOPLIST_FILE = BudgetTests/Info.plist;
				LD_RUNPATH_SEARCH_PATHS = "$(inherited) @executable_path/Frameworks @loader_path/Frameworks";
				PRODUCT_BUNDLE_IDENTIFIER = edu.uw.bennyn.BudgetTests;
				PRODUCT_NAME = "$(TARGET_NAME)";
				SWIFT_VERSION = 4.0;
				TARGETED_DEVICE_FAMILY = "1,2";
				TEST_HOST = "$(BUILT_PRODUCTS_DIR)/Budget.app/Budget";
			};
			name = Release;
		};
		349771AA2048FD21005BBF76 /* Debug */ = {
			isa = XCBuildConfiguration;
			baseConfigurationReference = 4ED74BE30506C9F42452FE9F /* Pods-BudgetUITests.debug.xcconfig */;
			buildSettings = {
				ALWAYS_EMBED_SWIFT_STANDARD_LIBRARIES = YES;
				CODE_SIGN_STYLE = Automatic;
				INFOPLIST_FILE = BudgetUITests/Info.plist;
				LD_RUNPATH_SEARCH_PATHS = "$(inherited) @executable_path/Frameworks @loader_path/Frameworks";
				PRODUCT_BUNDLE_IDENTIFIER = edu.uw.bennyn.BudgetUITests;
				PRODUCT_NAME = "$(TARGET_NAME)";
				SWIFT_VERSION = 4.0;
				TARGETED_DEVICE_FAMILY = "1,2";
				TEST_TARGET_NAME = Budget;
			};
			name = Debug;
		};
		349771AB2048FD21005BBF76 /* Release */ = {
			isa = XCBuildConfiguration;
			baseConfigurationReference = C7C60E2B00850A12A2CFBB27 /* Pods-BudgetUITests.release.xcconfig */;
			buildSettings = {
				ALWAYS_EMBED_SWIFT_STANDARD_LIBRARIES = YES;
				CODE_SIGN_STYLE = Automatic;
				INFOPLIST_FILE = BudgetUITests/Info.plist;
				LD_RUNPATH_SEARCH_PATHS = "$(inherited) @executable_path/Frameworks @loader_path/Frameworks";
				PRODUCT_BUNDLE_IDENTIFIER = edu.uw.bennyn.BudgetUITests;
				PRODUCT_NAME = "$(TARGET_NAME)";
				SWIFT_VERSION = 4.0;
				TARGETED_DEVICE_FAMILY = "1,2";
				TEST_TARGET_NAME = Budget;
			};
			name = Release;
		};
/* End XCBuildConfiguration section */

/* Begin XCConfigurationList section */
		349771762048FD21005BBF76 /* Build configuration list for PBXProject "Budget" */ = {
			isa = XCConfigurationList;
			buildConfigurations = (
				349771A12048FD21005BBF76 /* Debug */,
				349771A22048FD21005BBF76 /* Release */,
			);
			defaultConfigurationIsVisible = 0;
			defaultConfigurationName = Release;
		};
		349771A32048FD21005BBF76 /* Build configuration list for PBXNativeTarget "Budget" */ = {
			isa = XCConfigurationList;
			buildConfigurations = (
				349771A42048FD21005BBF76 /* Debug */,
				349771A52048FD21005BBF76 /* Release */,
			);
			defaultConfigurationIsVisible = 0;
			defaultConfigurationName = Release;
		};
		349771A62048FD21005BBF76 /* Build configuration list for PBXNativeTarget "BudgetTests" */ = {
			isa = XCConfigurationList;
			buildConfigurations = (
				349771A72048FD21005BBF76 /* Debug */,
				349771A82048FD21005BBF76 /* Release */,
			);
			defaultConfigurationIsVisible = 0;
			defaultConfigurationName = Release;
		};
		349771A92048FD21005BBF76 /* Build configuration list for PBXNativeTarget "BudgetUITests" */ = {
			isa = XCConfigurationList;
			buildConfigurations = (
				349771AA2048FD21005BBF76 /* Debug */,
				349771AB2048FD21005BBF76 /* Release */,
			);
			defaultConfigurationIsVisible = 0;
			defaultConfigurationName = Release;
		};
/* End XCConfigurationList section */
	};
	rootObject = 349771732048FD21005BBF76 /* Project object */;
}
