// !$*UTF8*$!
{
	archiveVersion = 1;
	classes = {
	};
	objectVersion = 48;
	objects = {

/* Begin PBXBuildFile section */
		3497717F2048FD21005BBF76 /* AppDelegate.swift in Sources */ = {isa = PBXBuildFile; fileRef = 3497717E2048FD21005BBF76 /* AppDelegate.swift */; };
		349771812048FD21005BBF76 /* titleViewController.swift in Sources */ = {isa = PBXBuildFile; fileRef = 349771802048FD21005BBF76 /* titleViewController.swift */; };
		349771842048FD21005BBF76 /* Main.storyboard in Resources */ = {isa = PBXBuildFile; fileRef = 349771822048FD21005BBF76 /* Main.storyboard */; };
		349771862048FD21005BBF76 /* Assets.xcassets in Resources */ = {isa = PBXBuildFile; fileRef = 349771852048FD21005BBF76 /* Assets.xcassets */; };
		349771892048FD21005BBF76 /* LaunchScreen.storyboard in Resources */ = {isa = PBXBuildFile; fileRef = 349771872048FD21005BBF76 /* LaunchScreen.storyboard */; };
		349771942048FD21005BBF76 /* BudgetTests.swift in Sources */ = {isa = PBXBuildFile; fileRef = 349771932048FD21005BBF76 /* BudgetTests.swift */; };
		3497719F2048FD21005BBF76 /* BudgetUITests.swift in Sources */ = {isa = PBXBuildFile; fileRef = 3497719E2048FD21005BBF76 /* BudgetUITests.swift */; };
		349771AD204905E9005BBF76 /* buttonAnimationExtension.swift in Sources */ = {isa = PBXBuildFile; fileRef = 349771AC204905E9005BBF76 /* buttonAnimationExtension.swift */; };
		3A85D0E9CECE4A69E9777439 /* Pods_Budget.framework in Frameworks */ = {isa = PBXBuildFile; fileRef = 53EEFF71DFF032452E79D0F8 /* Pods_Budget.framework */; };
		683F9836A600E2D1B23AC792 /* Pods_BudgetTests.framework in Frameworks */ = {isa = PBXBuildFile; fileRef = 800C2CBBA66E2709027BAB32 /* Pods_BudgetTests.framework */; };
		D27DCF19A9D2DC70E9018C18 /* Pods_BudgetUITests.framework in Frameworks */ = {isa = PBXBuildFile; fileRef = 1D44D2F9E2ED0BEFD800DE77 /* Pods_BudgetUITests.framework */; };
		FC24B2C52050C1DB00E0A569 /* graphViewController.swift in Sources */ = {isa = PBXBuildFile; fileRef = FC24B2C42050C1DB00E0A569 /* graphViewController.swift */; };
		FC24B2CE2050C3CD00E0A569 /* Charts.framework in Frameworks */ = {isa = PBXBuildFile; fileRef = FC24B2CF2050C3CD00E0A569 /* Charts.framework */; };
/* End PBXBuildFile section */

/* Begin PBXContainerItemProxy section */
		349771902048FD21005BBF76 /* PBXContainerItemProxy */ = {
			isa = PBXContainerItemProxy;
			containerPortal = 349771732048FD21005BBF76 /* Project object */;
			proxyType = 1;
			remoteGlobalIDString = 3497717A2048FD21005BBF76;
			remoteInfo = Budget;
		};
		3497719B2048FD21005BBF76 /* PBXContainerItemProxy */ = {
			isa = PBXContainerItemProxy;
			containerPortal = 349771732048FD21005BBF76 /* Project object */;
			proxyType = 1;
			remoteGlobalIDString = 3497717A2048FD21005BBF76;
			remoteInfo = Budget;
		};
/* End PBXContainerItemProxy section */

/* Begin PBXFileReference section */
		1309F93B302FA4D5E30D2D32 /* Pods-BudgetTests.release.xcconfig */ = {isa = PBXFileReference; includeInIndex = 1; lastKnownFileType = text.xcconfig; name = "Pods-BudgetTests.release.xcconfig"; path = "Pods/Target Support Files/Pods-BudgetTests/Pods-BudgetTests.release.xcconfig"; sourceTree = "<group>"; };
		1D44D2F9E2ED0BEFD800DE77 /* Pods_BudgetUITests.framework */ = {isa = PBXFileReference; explicitFileType = wrapper.framework; includeInIndex = 0; path = Pods_BudgetUITests.framework; sourceTree = BUILT_PRODUCTS_DIR; };
		2525A991AAEECC94228F3209 /* Pods-BudgetUITests.debug.xcconfig */ = {isa = PBXFileReference; includeInIndex = 1; lastKnownFileType = text.xcconfig; name = "Pods-BudgetUITests.debug.xcconfig"; path = "Pods/Target Support Files/Pods-BudgetUITests/Pods-BudgetUITests.debug.xcconfig"; sourceTree = "<group>"; };
		3497717B2048FD21005BBF76 /* Budget.app */ = {isa = PBXFileReference; explicitFileType = wrapper.application; includeInIndex = 0; path = Budget.app; sourceTree = BUILT_PRODUCTS_DIR; };
		3497717E2048FD21005BBF76 /* AppDelegate.swift */ = {isa = PBXFileReference; lastKnownFileType = sourcecode.swift; path = AppDelegate.swift; sourceTree = "<group>"; };
		349771802048FD21005BBF76 /* titleViewController.swift */ = {isa = PBXFileReference; lastKnownFileType = sourcecode.swift; path = titleViewController.swift; sourceTree = "<group>"; };
		349771832048FD21005BBF76 /* Base */ = {isa = PBXFileReference; lastKnownFileType = file.storyboard; name = Base; path = Base.lproj/Main.storyboard; sourceTree = "<group>"; };
		349771852048FD21005BBF76 /* Assets.xcassets */ = {isa = PBXFileReference; lastKnownFileType = folder.assetcatalog; path = Assets.xcassets; sourceTree = "<group>"; };
		349771882048FD21005BBF76 /* Base */ = {isa = PBXFileReference; lastKnownFileType = file.storyboard; name = Base; path = Base.lproj/LaunchScreen.storyboard; sourceTree = "<group>"; };
		3497718A2048FD21005BBF76 /* Info.plist */ = {isa = PBXFileReference; lastKnownFileType = text.plist.xml; path = Info.plist; sourceTree = "<group>"; };
		3497718F2048FD21005BBF76 /* BudgetTests.xctest */ = {isa = PBXFileReference; explicitFileType = wrapper.cfbundle; includeInIndex = 0; path = BudgetTests.xctest; sourceTree = BUILT_PRODUCTS_DIR; };
		349771932048FD21005BBF76 /* BudgetTests.swift */ = {isa = PBXFileReference; lastKnownFileType = sourcecode.swift; path = BudgetTests.swift; sourceTree = "<group>"; };
		349771952048FD21005BBF76 /* Info.plist */ = {isa = PBXFileReference; lastKnownFileType = text.plist.xml; path = Info.plist; sourceTree = "<group>"; };
		3497719A2048FD21005BBF76 /* BudgetUITests.xctest */ = {isa = PBXFileReference; explicitFileType = wrapper.cfbundle; includeInIndex = 0; path = BudgetUITests.xctest; sourceTree = BUILT_PRODUCTS_DIR; };
		3497719E2048FD21005BBF76 /* BudgetUITests.swift */ = {isa = PBXFileReference; lastKnownFileType = sourcecode.swift; path = BudgetUITests.swift; sourceTree = "<group>"; };
		349771A02048FD21005BBF76 /* Info.plist */ = {isa = PBXFileReference; lastKnownFileType = text.plist.xml; path = Info.plist; sourceTree = "<group>"; };
		349771AC204905E9005BBF76 /* buttonAnimationExtension.swift */ = {isa = PBXFileReference; lastKnownFileType = sourcecode.swift; path = buttonAnimationExtension.swift; sourceTree = "<group>"; };
		53EEFF71DFF032452E79D0F8 /* Pods_Budget.framework */ = {isa = PBXFileReference; explicitFileType = wrapper.framework; includeInIndex = 0; path = Pods_Budget.framework; sourceTree = BUILT_PRODUCTS_DIR; };
		5ABAFF30CF16B4BFB133FC2F /* Pods-BudgetTests.debug.xcconfig */ = {isa = PBXFileReference; includeInIndex = 1; lastKnownFileType = text.xcconfig; name = "Pods-BudgetTests.debug.xcconfig"; path = "Pods/Target Support Files/Pods-BudgetTests/Pods-BudgetTests.debug.xcconfig"; sourceTree = "<group>"; };
		7409383E038CAB7A22E8EBC8 /* Pods-Budget.release.xcconfig */ = {isa = PBXFileReference; includeInIndex = 1; lastKnownFileType = text.xcconfig; name = "Pods-Budget.release.xcconfig"; path = "Pods/Target Support Files/Pods-Budget/Pods-Budget.release.xcconfig"; sourceTree = "<group>"; };
		800C2CBBA66E2709027BAB32 /* Pods_BudgetTests.framework */ = {isa = PBXFileReference; explicitFileType = wrapper.framework; includeInIndex = 0; path = Pods_BudgetTests.framework; sourceTree = BUILT_PRODUCTS_DIR; };
		A4D1FF121254F7D3A0F926F2 /* Pods-BudgetUITests.release.xcconfig */ = {isa = PBXFileReference; includeInIndex = 1; lastKnownFileType = text.xcconfig; name = "Pods-BudgetUITests.release.xcconfig"; path = "Pods/Target Support Files/Pods-BudgetUITests/Pods-BudgetUITests.release.xcconfig"; sourceTree = "<group>"; };
		B2DE43B1FF06CF22936F220B /* Pods-Budget.debug.xcconfig */ = {isa = PBXFileReference; includeInIndex = 1; lastKnownFileType = text.xcconfig; name = "Pods-Budget.debug.xcconfig"; path = "Pods/Target Support Files/Pods-Budget/Pods-Budget.debug.xcconfig"; sourceTree = "<group>"; };
		FC24B2C42050C1DB00E0A569 /* graphViewController.swift */ = {isa = PBXFileReference; lastKnownFileType = sourcecode.swift; path = graphViewController.swift; sourceTree = "<group>"; };
		FC24B2C72050C2EB00E0A569 /* Charts.framework */ = {isa = PBXFileReference; explicitFileType = wrapper.framework; path = Charts.framework; sourceTree = BUILT_PRODUCTS_DIR; };
		FC24B2CF2050C3CD00E0A569 /* Charts.framework */ = {isa = PBXFileReference; explicitFileType = wrapper.framework; path = Charts.framework; sourceTree = BUILT_PRODUCTS_DIR; };
/* End PBXFileReference section */

/* Begin PBXFrameworksBuildPhase section */
		349771782048FD21005BBF76 /* Frameworks */ = {
			isa = PBXFrameworksBuildPhase;
			buildActionMask = 2147483647;
			files = (
				FC24B2CE2050C3CD00E0A569 /* Charts.framework in Frameworks */,
				3A85D0E9CECE4A69E9777439 /* Pods_Budget.framework in Frameworks */,
			);
			runOnlyForDeploymentPostprocessing = 0;
		};
		3497718C2048FD21005BBF76 /* Frameworks */ = {
			isa = PBXFrameworksBuildPhase;
			buildActionMask = 2147483647;
			files = (
				683F9836A600E2D1B23AC792 /* Pods_BudgetTests.framework in Frameworks */,
			);
			runOnlyForDeploymentPostprocessing = 0;
		};
		349771972048FD21005BBF76 /* Frameworks */ = {
			isa = PBXFrameworksBuildPhase;
			buildActionMask = 2147483647;
			files = (
				D27DCF19A9D2DC70E9018C18 /* Pods_BudgetUITests.framework in Frameworks */,
			);
			runOnlyForDeploymentPostprocessing = 0;
		};
/* End PBXFrameworksBuildPhase section */

/* Begin PBXGroup section */
		349771722048FD21005BBF76 = {
			isa = PBXGroup;
			children = (
				3497717D2048FD21005BBF76 /* Budget */,
				349771922048FD21005BBF76 /* BudgetTests */,
				3497719D2048FD21005BBF76 /* BudgetUITests */,
				3497717C2048FD21005BBF76 /* Products */,
				79550B9523695A2A07C85655 /* Pods */,
				D7CCDBC25F4D1063E49EC534 /* Frameworks */,
			);
			sourceTree = "<group>";
		};
		3497717C2048FD21005BBF76 /* Products */ = {
			isa = PBXGroup;
			children = (
				3497717B2048FD21005BBF76 /* Budget.app */,
				3497718F2048FD21005BBF76 /* BudgetTests.xctest */,
				3497719A2048FD21005BBF76 /* BudgetUITests.xctest */,
			);
			name = Products;
			sourceTree = "<group>";
		};
		3497717D2048FD21005BBF76 /* Budget */ = {
			isa = PBXGroup;
			children = (
				3497717E2048FD21005BBF76 /* AppDelegate.swift */,
				349771802048FD21005BBF76 /* titleViewController.swift */,
				349771822048FD21005BBF76 /* Main.storyboard */,
				FC24B2C42050C1DB00E0A569 /* graphViewController.swift */,
				349771AC204905E9005BBF76 /* buttonAnimationExtension.swift */,
				349771852048FD21005BBF76 /* Assets.xcassets */,
				349771872048FD21005BBF76 /* LaunchScreen.storyboard */,
				3497718A2048FD21005BBF76 /* Info.plist */,
			);
			path = Budget;
			sourceTree = "<group>";
		};
		349771922048FD21005BBF76 /* BudgetTests */ = {
			isa = PBXGroup;
			children = (
				349771932048FD21005BBF76 /* BudgetTests.swift */,
				349771952048FD21005BBF76 /* Info.plist */,
			);
			path = BudgetTests;
			sourceTree = "<group>";
		};
		3497719D2048FD21005BBF76 /* BudgetUITests */ = {
			isa = PBXGroup;
			children = (
				3497719E2048FD21005BBF76 /* BudgetUITests.swift */,
				349771A02048FD21005BBF76 /* Info.plist */,
			);
			path = BudgetUITests;
			sourceTree = "<group>";
		};
		79550B9523695A2A07C85655 /* Pods */ = {
			isa = PBXGroup;
			children = (
				B2DE43B1FF06CF22936F220B /* Pods-Budget.debug.xcconfig */,
				7409383E038CAB7A22E8EBC8 /* Pods-Budget.release.xcconfig */,
				5ABAFF30CF16B4BFB133FC2F /* Pods-BudgetTests.debug.xcconfig */,
				1309F93B302FA4D5E30D2D32 /* Pods-BudgetTests.release.xcconfig */,
				2525A991AAEECC94228F3209 /* Pods-BudgetUITests.debug.xcconfig */,
				A4D1FF121254F7D3A0F926F2 /* Pods-BudgetUITests.release.xcconfig */,
			);
			name = Pods;
			sourceTree = "<group>";
		};
		D7CCDBC25F4D1063E49EC534 /* Frameworks */ = {
			isa = PBXGroup;
			children = (
				FC24B2CF2050C3CD00E0A569 /* Charts.framework */,
				FC24B2C72050C2EB00E0A569 /* Charts.framework */,
				53EEFF71DFF032452E79D0F8 /* Pods_Budget.framework */,
				800C2CBBA66E2709027BAB32 /* Pods_BudgetTests.framework */,
				1D44D2F9E2ED0BEFD800DE77 /* Pods_BudgetUITests.framework */,
			);
			name = Frameworks;
			sourceTree = "<group>";
		};
/* End PBXGroup section */

/* Begin PBXNativeTarget section */
		3497717A2048FD21005BBF76 /* Budget */ = {
			isa = PBXNativeTarget;
			buildConfigurationList = 349771A32048FD21005BBF76 /* Build configuration list for PBXNativeTarget "Budget" */;
			buildPhases = (
				957A9A154FE7CC65DD3F043C /* [CP] Check Pods Manifest.lock */,
				349771772048FD21005BBF76 /* Sources */,
				349771782048FD21005BBF76 /* Frameworks */,
				349771792048FD21005BBF76 /* Resources */,
				2295F65E14593EDC9D0DFB24 /* [CP] Embed Pods Frameworks */,
				166C92C447A128958109D007 /* [CP] Copy Pods Resources */,
			);
			buildRules = (
			);
			dependencies = (
			);
			name = Budget;
			productName = Budget;
			productReference = 3497717B2048FD21005BBF76 /* Budget.app */;
			productType = "com.apple.product-type.application";
		};
		3497718E2048FD21005BBF76 /* BudgetTests */ = {
			isa = PBXNativeTarget;
			buildConfigurationList = 349771A62048FD21005BBF76 /* Build configuration list for PBXNativeTarget "BudgetTests" */;
			buildPhases = (
				25CC6F8B9442D9FBBEC48DC3 /* [CP] Check Pods Manifest.lock */,
				3497718B2048FD21005BBF76 /* Sources */,
				3497718C2048FD21005BBF76 /* Frameworks */,
				3497718D2048FD21005BBF76 /* Resources */,
				3EF498F90354E17B93E99183 /* [CP] Embed Pods Frameworks */,
				807A4CF73CB53693B5201F56 /* [CP] Copy Pods Resources */,
			);
			buildRules = (
			);
			dependencies = (
				349771912048FD21005BBF76 /* PBXTargetDependency */,
			);
			name = BudgetTests;
			productName = BudgetTests;
			productReference = 3497718F2048FD21005BBF76 /* BudgetTests.xctest */;
			productType = "com.apple.product-type.bundle.unit-test";
		};
		349771992048FD21005BBF76 /* BudgetUITests */ = {
			isa = PBXNativeTarget;
			buildConfigurationList = 349771A92048FD21005BBF76 /* Build configuration list for PBXNativeTarget "BudgetUITests" */;
			buildPhases = (
				0030FB0429F9DA48BC82CF9A /* [CP] Check Pods Manifest.lock */,
				349771962048FD21005BBF76 /* Sources */,
				349771972048FD21005BBF76 /* Frameworks */,
				349771982048FD21005BBF76 /* Resources */,
				6C8DCF05DE5A3AC72FE62BFA /* [CP] Embed Pods Frameworks */,
				90C53BF3E5132D9F96D34611 /* [CP] Copy Pods Resources */,
			);
			buildRules = (
			);
			dependencies = (
				3497719C2048FD21005BBF76 /* PBXTargetDependency */,
			);
			name = BudgetUITests;
			productName = BudgetUITests;
			productReference = 3497719A2048FD21005BBF76 /* BudgetUITests.xctest */;
			productType = "com.apple.product-type.bundle.ui-testing";
		};
/* End PBXNativeTarget section */

/* Begin PBXProject section */
		349771732048FD21005BBF76 /* Project object */ = {
			isa = PBXProject;
			attributes = {
				LastSwiftUpdateCheck = 0920;
				LastUpgradeCheck = 0920;
				ORGANIZATIONNAME = edu.uw.bennyn;
				TargetAttributes = {
					3497717A2048FD21005BBF76 = {
						CreatedOnToolsVersion = 9.2;
						ProvisioningStyle = Automatic;
					};
					3497718E2048FD21005BBF76 = {
						CreatedOnToolsVersion = 9.2;
						ProvisioningStyle = Automatic;
						TestTargetID = 3497717A2048FD21005BBF76;
					};
					349771992048FD21005BBF76 = {
						CreatedOnToolsVersion = 9.2;
						ProvisioningStyle = Automatic;
						TestTargetID = 3497717A2048FD21005BBF76;
					};
				};
			};
			buildConfigurationList = 349771762048FD21005BBF76 /* Build configuration list for PBXProject "Budget" */;
			compatibilityVersion = "Xcode 8.0";
			developmentRegion = en;
			hasScannedForEncodings = 0;
			knownRegions = (
				en,
				Base,
			);
			mainGroup = 349771722048FD21005BBF76;
			productRefGroup = 3497717C2048FD21005BBF76 /* Products */;
			projectDirPath = "";
			projectRoot = "";
			targets = (
				3497717A2048FD21005BBF76 /* Budget */,
				3497718E2048FD21005BBF76 /* BudgetTests */,
				349771992048FD21005BBF76 /* BudgetUITests */,
			);
		};
/* End PBXProject section */

/* Begin PBXResourcesBuildPhase section */
		349771792048FD21005BBF76 /* Resources */ = {
			isa = PBXResourcesBuildPhase;
			buildActionMask = 2147483647;
			files = (
				349771892048FD21005BBF76 /* LaunchScreen.storyboard in Resources */,
				349771862048FD21005BBF76 /* Assets.xcassets in Resources */,
				349771842048FD21005BBF76 /* Main.storyboard in Resources */,
			);
			runOnlyForDeploymentPostprocessing = 0;
		};
		3497718D2048FD21005BBF76 /* Resources */ = {
			isa = PBXResourcesBuildPhase;
			buildActionMask = 2147483647;
			files = (
			);
			runOnlyForDeploymentPostprocessing = 0;
		};
		349771982048FD21005BBF76 /* Resources */ = {
			isa = PBXResourcesBuildPhase;
			buildActionMask = 2147483647;
			files = (
			);
			runOnlyForDeploymentPostprocessing = 0;
		};
/* End PBXResourcesBuildPhase section */

/* Begin PBXShellScriptBuildPhase section */
		0030FB0429F9DA48BC82CF9A /* [CP] Check Pods Manifest.lock */ = {
			isa = PBXShellScriptBuildPhase;
			buildActionMask = 2147483647;
			files = (
			);
			inputPaths = (
				"${PODS_PODFILE_DIR_PATH}/Podfile.lock",
				"${PODS_ROOT}/Manifest.lock",
			);
			name = "[CP] Check Pods Manifest.lock";
			outputPaths = (
				"$(DERIVED_FILE_DIR)/Pods-BudgetUITests-checkManifestLockResult.txt",
			);
			runOnlyForDeploymentPostprocessing = 0;
			shellPath = /bin/sh;
			shellScript = "diff \"${PODS_PODFILE_DIR_PATH}/Podfile.lock\" \"${PODS_ROOT}/Manifest.lock\" > /dev/null\nif [ $? != 0 ] ; then\n    # print error to STDERR\n    echo \"error: The sandbox is not in sync with the Podfile.lock. Run 'pod install' or update your CocoaPods installation.\" >&2\n    exit 1\nfi\n# This output is used by Xcode 'outputs' to avoid re-running this script phase.\necho \"SUCCESS\" > \"${SCRIPT_OUTPUT_FILE_0}\"\n";
			showEnvVarsInLog = 0;
		};
		166C92C447A128958109D007 /* [CP] Copy Pods Resources */ = {
			isa = PBXShellScriptBuildPhase;
			buildActionMask = 2147483647;
			files = (
			);
			inputPaths = (
			);
			name = "[CP] Copy Pods Resources";
			outputPaths = (
			);
			runOnlyForDeploymentPostprocessing = 0;
			shellPath = /bin/sh;
			shellScript = "\"${SRCROOT}/Pods/Target Support Files/Pods-Budget/Pods-Budget-resources.sh\"\n";
			showEnvVarsInLog = 0;
		};
		2295F65E14593EDC9D0DFB24 /* [CP] Embed Pods Frameworks */ = {
			isa = PBXShellScriptBuildPhase;
			buildActionMask = 2147483647;
			files = (
			);
			inputPaths = (
				"${SRCROOT}/Pods/Target Support Files/Pods-Budget/Pods-Budget-frameworks.sh",
				"${BUILT_PRODUCTS_DIR}/Charts/Charts.framework",
			);
			name = "[CP] Embed Pods Frameworks";
			outputPaths = (
				"${TARGET_BUILD_DIR}/${FRAMEWORKS_FOLDER_PATH}/Charts.framework",
			);
			runOnlyForDeploymentPostprocessing = 0;
			shellPath = /bin/sh;
			shellScript = "\"${SRCROOT}/Pods/Target Support Files/Pods-Budget/Pods-Budget-frameworks.sh\"\n";
			showEnvVarsInLog = 0;
		};
		25CC6F8B9442D9FBBEC48DC3 /* [CP] Check Pods Manifest.lock */ = {
			isa = PBXShellScriptBuildPhase;
			buildActionMask = 2147483647;
			files = (
			);
			inputPaths = (
				"${PODS_PODFILE_DIR_PATH}/Podfile.lock",
				"${PODS_ROOT}/Manifest.lock",
			);
			name = "[CP] Check Pods Manifest.lock";
			outputPaths = (
				"$(DERIVED_FILE_DIR)/Pods-BudgetTests-checkManifestLockResult.txt",
			);
			runOnlyForDeploymentPostprocessing = 0;
			shellPath = /bin/sh;
			shellScript = "diff \"${PODS_PODFILE_DIR_PATH}/Podfile.lock\" \"${PODS_ROOT}/Manifest.lock\" > /dev/null\nif [ $? != 0 ] ; then\n    # print error to STDERR\n    echo \"error: The sandbox is not in sync with the Podfile.lock. Run 'pod install' or update your CocoaPods installation.\" >&2\n    exit 1\nfi\n# This output is used by Xcode 'outputs' to avoid re-running this script phase.\necho \"SUCCESS\" > \"${SCRIPT_OUTPUT_FILE_0}\"\n";
			showEnvVarsInLog = 0;
		};
		3EF498F90354E17B93E99183 /* [CP] Embed Pods Frameworks */ = {
			isa = PBXShellScriptBuildPhase;
			buildActionMask = 2147483647;
			files = (
			);
			inputPaths = (
			);
			name = "[CP] Embed Pods Frameworks";
			outputPaths = (
			);
			runOnlyForDeploymentPostprocessing = 0;
			shellPath = /bin/sh;
			shellScript = "\"${SRCROOT}/Pods/Target Support Files/Pods-BudgetTests/Pods-BudgetTests-frameworks.sh\"\n";
			showEnvVarsInLog = 0;
		};
		6C8DCF05DE5A3AC72FE62BFA /* [CP] Embed Pods Frameworks */ = {
			isa = PBXShellScriptBuildPhase;
			buildActionMask = 2147483647;
			files = (
			);
			inputPaths = (
			);
			name = "[CP] Embed Pods Frameworks";
			outputPaths = (
			);
			runOnlyForDeploymentPostprocessing = 0;
			shellPath = /bin/sh;
			shellScript = "\"${SRCROOT}/Pods/Target Support Files/Pods-BudgetUITests/Pods-BudgetUITests-frameworks.sh\"\n";
			showEnvVarsInLog = 0;
		};
		807A4CF73CB53693B5201F56 /* [CP] Copy Pods Resources */ = {
			isa = PBXShellScriptBuildPhase;
			buildActionMask = 2147483647;
			files = (
			);
			inputPaths = (
			);
			name = "[CP] Copy Pods Resources";
			outputPaths = (
			);
			runOnlyForDeploymentPostprocessing = 0;
			shellPath = /bin/sh;
			shellScript = "\"${SRCROOT}/Pods/Target Support Files/Pods-BudgetTests/Pods-BudgetTests-resources.sh\"\n";
			showEnvVarsInLog = 0;
		};
		90C53BF3E5132D9F96D34611 /* [CP] Copy Pods Resources */ = {
			isa = PBXShellScriptBuildPhase;
			buildActionMask = 2147483647;
			files = (
			);
			inputPaths = (
			);
			name = "[CP] Copy Pods Resources";
			outputPaths = (
			);
			runOnlyForDeploymentPostprocessing = 0;
			shellPath = /bin/sh;
			shellScript = "\"${SRCROOT}/Pods/Target Support Files/Pods-BudgetUITests/Pods-BudgetUITests-resources.sh\"\n";
			showEnvVarsInLog = 0;
		};
		957A9A154FE7CC65DD3F043C /* [CP] Check Pods Manifest.lock */ = {
			isa = PBXShellScriptBuildPhase;
			buildActionMask = 2147483647;
			files = (
			);
			inputPaths = (
				"${PODS_PODFILE_DIR_PATH}/Podfile.lock",
				"${PODS_ROOT}/Manifest.lock",
			);
			name = "[CP] Check Pods Manifest.lock";
			outputPaths = (
				"$(DERIVED_FILE_DIR)/Pods-Budget-checkManifestLockResult.txt",
			);
			runOnlyForDeploymentPostprocessing = 0;
			shellPath = /bin/sh;
			shellScript = "diff \"${PODS_PODFILE_DIR_PATH}/Podfile.lock\" \"${PODS_ROOT}/Manifest.lock\" > /dev/null\nif [ $? != 0 ] ; then\n    # print error to STDERR\n    echo \"error: The sandbox is not in sync with the Podfile.lock. Run 'pod install' or update your CocoaPods installation.\" >&2\n    exit 1\nfi\n# This output is used by Xcode 'outputs' to avoid re-running this script phase.\necho \"SUCCESS\" > \"${SCRIPT_OUTPUT_FILE_0}\"\n";
			showEnvVarsInLog = 0;
		};
/* End PBXShellScriptBuildPhase section */

/* Begin PBXSourcesBuildPhase section */
		349771772048FD21005BBF76 /* Sources */ = {
			isa = PBXSourcesBuildPhase;
			buildActionMask = 2147483647;
			files = (
				349771812048FD21005BBF76 /* titleViewController.swift in Sources */,
				FC24B2C52050C1DB00E0A569 /* graphViewController.swift in Sources */,
				349771AD204905E9005BBF76 /* buttonAnimationExtension.swift in Sources */,
				3497717F2048FD21005BBF76 /* AppDelegate.swift in Sources */,
			);
			runOnlyForDeploymentPostprocessing = 0;
		};
		3497718B2048FD21005BBF76 /* Sources */ = {
			isa = PBXSourcesBuildPhase;
			buildActionMask = 2147483647;
			files = (
				349771942048FD21005BBF76 /* BudgetTests.swift in Sources */,
			);
			runOnlyForDeploymentPostprocessing = 0;
		};
		349771962048FD21005BBF76 /* Sources */ = {
			isa = PBXSourcesBuildPhase;
			buildActionMask = 2147483647;
			files = (
				3497719F2048FD21005BBF76 /* BudgetUITests.swift in Sources */,
			);
			runOnlyForDeploymentPostprocessing = 0;
		};
/* End PBXSourcesBuildPhase section */

/* Begin PBXTargetDependency section */
		349771912048FD21005BBF76 /* PBXTargetDependency */ = {
			isa = PBXTargetDependency;
			target = 3497717A2048FD21005BBF76 /* Budget */;
			targetProxy = 349771902048FD21005BBF76 /* PBXContainerItemProxy */;
		};
		3497719C2048FD21005BBF76 /* PBXTargetDependency */ = {
			isa = PBXTargetDependency;
			target = 3497717A2048FD21005BBF76 /* Budget */;
			targetProxy = 3497719B2048FD21005BBF76 /* PBXContainerItemProxy */;
		};
/* End PBXTargetDependency section */

/* Begin PBXVariantGroup section */
		349771822048FD21005BBF76 /* Main.storyboard */ = {
			isa = PBXVariantGroup;
			children = (
				349771832048FD21005BBF76 /* Base */,
			);
			name = Main.storyboard;
			sourceTree = "<group>";
		};
		349771872048FD21005BBF76 /* LaunchScreen.storyboard */ = {
			isa = PBXVariantGroup;
			children = (
				349771882048FD21005BBF76 /* Base */,
			);
			name = LaunchScreen.storyboard;
			sourceTree = "<group>";
		};
/* End PBXVariantGroup section */

/* Begin XCBuildConfiguration section */
		349771A12048FD21005BBF76 /* Debug */ = {
			isa = XCBuildConfiguration;
			buildSettings = {
				ALWAYS_SEARCH_USER_PATHS = NO;
				CLANG_ANALYZER_NONNULL = YES;
				CLANG_ANALYZER_NUMBER_OBJECT_CONVERSION = YES_AGGRESSIVE;
				CLANG_CXX_LANGUAGE_STANDARD = "gnu++14";
				CLANG_CXX_LIBRARY = "libc++";
				CLANG_ENABLE_MODULES = YES;
				CLANG_ENABLE_OBJC_ARC = YES;
				CLANG_WARN_BLOCK_CAPTURE_AUTORELEASING = YES;
				CLANG_WARN_BOOL_CONVERSION = YES;
				CLANG_WARN_COMMA = YES;
				CLANG_WARN_CONSTANT_CONVERSION = YES;
				CLANG_WARN_DIRECT_OBJC_ISA_USAGE = YES_ERROR;
				CLANG_WARN_DOCUMENTATION_COMMENTS = YES;
				CLANG_WARN_EMPTY_BODY = YES;
				CLANG_WARN_ENUM_CONVERSION = YES;
				CLANG_WARN_INFINITE_RECURSION = YES;
				CLANG_WARN_INT_CONVERSION = YES;
				CLANG_WARN_NON_LITERAL_NULL_CONVERSION = YES;
				CLANG_WARN_OBJC_LITERAL_CONVERSION = YES;
				CLANG_WARN_OBJC_ROOT_CLASS = YES_ERROR;
				CLANG_WARN_RANGE_LOOP_ANALYSIS = YES;
				CLANG_WARN_STRICT_PROTOTYPES = YES;
				CLANG_WARN_SUSPICIOUS_MOVE = YES;
				CLANG_WARN_UNGUARDED_AVAILABILITY = YES_AGGRESSIVE;
				CLANG_WARN_UNREACHABLE_CODE = YES;
				CLANG_WARN__DUPLICATE_METHOD_MATCH = YES;
				CODE_SIGN_IDENTITY = "iPhone Developer";
				COPY_PHASE_STRIP = NO;
				DEBUG_INFORMATION_FORMAT = dwarf;
				ENABLE_STRICT_OBJC_MSGSEND = YES;
				ENABLE_TESTABILITY = YES;
				GCC_C_LANGUAGE_STANDARD = gnu11;
				GCC_DYNAMIC_NO_PIC = NO;
				GCC_NO_COMMON_BLOCKS = YES;
				GCC_OPTIMIZATION_LEVEL = 0;
				GCC_PREPROCESSOR_DEFINITIONS = (
					"DEBUG=1",
					"$(inherited)",
				);
				GCC_WARN_64_TO_32_BIT_CONVERSION = YES;
				GCC_WARN_ABOUT_RETURN_TYPE = YES_ERROR;
				GCC_WARN_UNDECLARED_SELECTOR = YES;
				GCC_WARN_UNINITIALIZED_AUTOS = YES_AGGRESSIVE;
				GCC_WARN_UNUSED_FUNCTION = YES;
				GCC_WARN_UNUSED_VARIABLE = YES;
				IPHONEOS_DEPLOYMENT_TARGET = 11.2;
				MTL_ENABLE_DEBUG_INFO = YES;
				ONLY_ACTIVE_ARCH = YES;
				SDKROOT = iphoneos;
				SWIFT_ACTIVE_COMPILATION_CONDITIONS = DEBUG;
				SWIFT_OPTIMIZATION_LEVEL = "-Onone";
			};
			name = Debug;
		};
		349771A22048FD21005BBF76 /* Release */ = {
			isa = XCBuildConfiguration;
			buildSettings = {
				ALWAYS_SEARCH_USER_PATHS = NO;
				CLANG_ANALYZER_NONNULL = YES;
				CLANG_ANALYZER_NUMBER_OBJECT_CONVERSION = YES_AGGRESSIVE;
				CLANG_CXX_LANGUAGE_STANDARD = "gnu++14";
				CLANG_CXX_LIBRARY = "libc++";
				CLANG_ENABLE_MODULES = YES;
				CLANG_ENABLE_OBJC_ARC = YES;
				CLANG_WARN_BLOCK_CAPTURE_AUTORELEASING = YES;
				CLANG_WARN_BOOL_CONVERSION = YES;
				CLANG_WARN_COMMA = YES;
				CLANG_WARN_CONSTANT_CONVERSION = YES;
				CLANG_WARN_DIRECT_OBJC_ISA_USAGE = YES_ERROR;
				CLANG_WARN_DOCUMENTATION_COMMENTS = YES;
				CLANG_WARN_EMPTY_BODY = YES;
				CLANG_WARN_ENUM_CONVERSION = YES;
				CLANG_WARN_INFINITE_RECURSION = YES;
				CLANG_WARN_INT_CONVERSION = YES;
				CLANG_WARN_NON_LITERAL_NULL_CONVERSION = YES;
				CLANG_WARN_OBJC_LITERAL_CONVERSION = YES;
				CLANG_WARN_OBJC_ROOT_CLASS = YES_ERROR;
				CLANG_WARN_RANGE_LOOP_ANALYSIS = YES;
				CLANG_WARN_STRICT_PROTOTYPES = YES;
				CLANG_WARN_SUSPICIOUS_MOVE = YES;
				CLANG_WARN_UNGUARDED_AVAILABILITY = YES_AGGRESSIVE;
				CLANG_WARN_UNREACHABLE_CODE = YES;
				CLANG_WARN__DUPLICATE_METHOD_MATCH = YES;
				CODE_SIGN_IDENTITY = "iPhone Developer";
				COPY_PHASE_STRIP = NO;
				DEBUG_INFORMATION_FORMAT = "dwarf-with-dsym";
				ENABLE_NS_ASSERTIONS = NO;
				ENABLE_STRICT_OBJC_MSGSEND = YES;
				GCC_C_LANGUAGE_STANDARD = gnu11;
				GCC_NO_COMMON_BLOCKS = YES;
				GCC_WARN_64_TO_32_BIT_CONVERSION = YES;
				GCC_WARN_ABOUT_RETURN_TYPE = YES_ERROR;
				GCC_WARN_UNDECLARED_SELECTOR = YES;
				GCC_WARN_UNINITIALIZED_AUTOS = YES_AGGRESSIVE;
				GCC_WARN_UNUSED_FUNCTION = YES;
				GCC_WARN_UNUSED_VARIABLE = YES;
				IPHONEOS_DEPLOYMENT_TARGET = 11.2;
				MTL_ENABLE_DEBUG_INFO = NO;
				SDKROOT = iphoneos;
				SWIFT_OPTIMIZATION_LEVEL = "-Owholemodule";
				VALIDATE_PRODUCT = YES;
			};
			name = Release;
		};
		349771A42048FD21005BBF76 /* Debug */ = {
			isa = XCBuildConfiguration;
			baseConfigurationReference = B2DE43B1FF06CF22936F220B /* Pods-Budget.debug.xcconfig */;
			buildSettings = {
				ASSETCATALOG_COMPILER_APPICON_NAME = AppIcon;
				CODE_SIGN_STYLE = Automatic;
				DEVELOPMENT_TEAM = 6P9XM28L79;
				INFOPLIST_FILE = Budget/Info.plist;
				LD_RUNPATH_SEARCH_PATHS = "$(inherited) @executable_path/Frameworks";
				PRODUCT_BUNDLE_IDENTIFIER = edu.uw.bennyn.Budget;
				PRODUCT_NAME = "$(TARGET_NAME)";
				SWIFT_VERSION = 4.0;
				TARGETED_DEVICE_FAMILY = "1,2";
			};
			name = Debug;
		};
		349771A52048FD21005BBF76 /* Release */ = {
			isa = XCBuildConfiguration;
			baseConfigurationReference = 7409383E038CAB7A22E8EBC8 /* Pods-Budget.release.xcconfig */;
			buildSettings = {
				ASSETCATALOG_COMPILER_APPICON_NAME = AppIcon;
				CODE_SIGN_STYLE = Automatic;
				DEVELOPMENT_TEAM = 6P9XM28L79;
				INFOPLIST_FILE = Budget/Info.plist;
				LD_RUNPATH_SEARCH_PATHS = "$(inherited) @executable_path/Frameworks";
				PRODUCT_BUNDLE_IDENTIFIER = edu.uw.bennyn.Budget;
				PRODUCT_NAME = "$(TARGET_NAME)";
				SWIFT_VERSION = 4.0;
				TARGETED_DEVICE_FAMILY = "1,2";
			};
			name = Release;
		};
		349771A72048FD21005BBF76 /* Debug */ = {
			isa = XCBuildConfiguration;
			baseConfigurationReference = 5ABAFF30CF16B4BFB133FC2F /* Pods-BudgetTests.debug.xcconfig */;
			buildSettings = {
				ALWAYS_EMBED_SWIFT_STANDARD_LIBRARIES = YES;
				BUNDLE_LOADER = "$(TEST_HOST)";
				CODE_SIGN_STYLE = Automatic;
				INFOPLIST_FILE = BudgetTests/Info.plist;
				LD_RUNPATH_SEARCH_PATHS = "$(inherited) @executable_path/Frameworks @loader_path/Frameworks";
				PRODUCT_BUNDLE_IDENTIFIER = edu.uw.bennyn.BudgetTests;
				PRODUCT_NAME = "$(TARGET_NAME)";
				SWIFT_VERSION = 4.0;
				TARGETED_DEVICE_FAMILY = "1,2";
				TEST_HOST = "$(BUILT_PRODUCTS_DIR)/Budget.app/Budget";
			};
			name = Debug;
		};
		349771A82048FD21005BBF76 /* Release */ = {
			isa = XCBuildConfiguration;
			baseConfigurationReference = 1309F93B302FA4D5E30D2D32 /* Pods-BudgetTests.release.xcconfig */;
			buildSettings = {
				ALWAYS_EMBED_SWIFT_STANDARD_LIBRARIES = YES;
				BUNDLE_LOADER = "$(TEST_HOST)";
				CODE_SIGN_STYLE = Automatic;
				INFOPLIST_FILE = BudgetTests/Info.plist;
				LD_RUNPATH_SEARCH_PATHS = "$(inherited) @executable_path/Frameworks @loader_path/Frameworks";
				PRODUCT_BUNDLE_IDENTIFIER = edu.uw.bennyn.BudgetTests;
				PRODUCT_NAME = "$(TARGET_NAME)";
				SWIFT_VERSION = 4.0;
				TARGETED_DEVICE_FAMILY = "1,2";
				TEST_HOST = "$(BUILT_PRODUCTS_DIR)/Budget.app/Budget";
			};
			name = Release;
		};
		349771AA2048FD21005BBF76 /* Debug */ = {
			isa = XCBuildConfiguration;
			baseConfigurationReference = 2525A991AAEECC94228F3209 /* Pods-BudgetUITests.debug.xcconfig */;
			buildSettings = {
				ALWAYS_EMBED_SWIFT_STANDARD_LIBRARIES = YES;
				CODE_SIGN_STYLE = Automatic;
				INFOPLIST_FILE = BudgetUITests/Info.plist;
				LD_RUNPATH_SEARCH_PATHS = "$(inherited) @executable_path/Frameworks @loader_path/Frameworks";
				PRODUCT_BUNDLE_IDENTIFIER = edu.uw.bennyn.BudgetUITests;
				PRODUCT_NAME = "$(TARGET_NAME)";
				SWIFT_VERSION = 4.0;
				TARGETED_DEVICE_FAMILY = "1,2";
				TEST_TARGET_NAME = Budget;
			};
			name = Debug;
		};
		349771AB2048FD21005BBF76 /* Release */ = {
			isa = XCBuildConfiguration;
			baseConfigurationReference = A4D1FF121254F7D3A0F926F2 /* Pods-BudgetUITests.release.xcconfig */;
			buildSettings = {
				ALWAYS_EMBED_SWIFT_STANDARD_LIBRARIES = YES;
				CODE_SIGN_STYLE = Automatic;
				INFOPLIST_FILE = BudgetUITests/Info.plist;
				LD_RUNPATH_SEARCH_PATHS = "$(inherited) @executable_path/Frameworks @loader_path/Frameworks";
				PRODUCT_BUNDLE_IDENTIFIER = edu.uw.bennyn.BudgetUITests;
				PRODUCT_NAME = "$(TARGET_NAME)";
				SWIFT_VERSION = 4.0;
				TARGETED_DEVICE_FAMILY = "1,2";
				TEST_TARGET_NAME = Budget;
			};
			name = Release;
		};
/* End XCBuildConfiguration section */

/* Begin XCConfigurationList section */
		349771762048FD21005BBF76 /* Build configuration list for PBXProject "Budget" */ = {
			isa = XCConfigurationList;
			buildConfigurations = (
				349771A12048FD21005BBF76 /* Debug */,
				349771A22048FD21005BBF76 /* Release */,
			);
			defaultConfigurationIsVisible = 0;
			defaultConfigurationName = Release;
		};
		349771A32048FD21005BBF76 /* Build configuration list for PBXNativeTarget "Budget" */ = {
			isa = XCConfigurationList;
			buildConfigurations = (
				349771A42048FD21005BBF76 /* Debug */,
				349771A52048FD21005BBF76 /* Release */,
			);
			defaultConfigurationIsVisible = 0;
			defaultConfigurationName = Release;
		};
		349771A62048FD21005BBF76 /* Build configuration list for PBXNativeTarget "BudgetTests" */ = {
			isa = XCConfigurationList;
			buildConfigurations = (
				349771A72048FD21005BBF76 /* Debug */,
				349771A82048FD21005BBF76 /* Release */,
			);
			defaultConfigurationIsVisible = 0;
			defaultConfigurationName = Release;
		};
		349771A92048FD21005BBF76 /* Build configuration list for PBXNativeTarget "BudgetUITests" */ = {
			isa = XCConfigurationList;
			buildConfigurations = (
				349771AA2048FD21005BBF76 /* Debug */,
				349771AB2048FD21005BBF76 /* Release */,
			);
			defaultConfigurationIsVisible = 0;
			defaultConfigurationName = Release;
		};
/* End XCConfigurationList section */
	};
	rootObject = 349771732048FD21005BBF76 /* Project object */;
}
